
Microsoft Visual Studio Solution File, Format Version 12.00
# Visual Studio Version 17
VisualStudioVersion = 17.9.34607.119
MinimumVisualStudioVersion = 10.0.40219.1
Project("{FAE04EC0-301F-11D3-BF4B-00C04F79EFBC}") = "AuthorizedService", "AuthorizedService\AuthorizedService.csproj", "{231CFFD5-5A3A-4C82-84E7-BF48DB4F67B6}"
EndProject
Global
	GlobalSection(SolutionConfigurationPlatforms) = preSolution
		Debug|Any CPU = Debug|Any CPU
		Release|Any CPU = Release|Any CPU
	EndGlobalSection
	GlobalSection(ProjectConfigurationPlatforms) = postSolution
		{231CFFD5-5A3A-4C82-84E7-BF48DB4F67B6}.Debug|Any CPU.ActiveCfg = Debug|Any CPU
		{231CFFD5-5A3A-4C82-84E7-BF48DB4F67B6}.Debug|Any CPU.Build.0 = Debug|Any CPU
		{231CFFD5-5A3A-4C82-84E7-BF48DB4F67B6}.Release|Any CPU.ActiveCfg = Release|Any CPU
		{231CFFD5-5A3A-4C82-84E7-BF48DB4F67B6}.Release|Any CPU.Build.0 = Release|Any CPU
	EndGlobalSection
	GlobalSection(SolutionProperties) = preSolution
		HideSolutionNode = FALSE
	EndGlobalSection
	GlobalSection(ExtensibilityGlobals) = postSolution
		SolutionGuid = {DA68A03B-E4E3-4F1F-96A9-EF75ED687254}
	EndGlobalSection
EndGlobal
